
Microsoft Visual Studio Solution File, Format Version 12.00
# Visual Studio Version 17
VisualStudioVersion = 17.0.31903.59
MinimumVisualStudioVersion = 10.0.40219.1
Project("{2150E333-8FDC-42A3-9474-1A3956D46DE8}") = "src", "src", "{E6ABBB81-15C0-42E5-AE00-8D1A57C5FA20}"
EndProject
Project("{FAE04EC0-301F-11D3-BF4B-00C04F79EFBC}") = "AnyVoice.Protocol", "src\AnyVoice.Protocol\AnyVoice.Protocol.csproj", "{FA61FC9D-5575-4CE5-92B4-95A40D0409AA}"
EndProject
Project("{FAE04EC0-301F-11D3-BF4B-00C04F79EFBC}") = "AnyVoice.Core", "src\AnyVoice.Core\AnyVoice.Core.csproj", "{756768D1-B1BB-4293-B8AD-97DFBBA46997}"
EndProject
Project("{FAE04EC0-301F-11D3-BF4B-00C04F79EFBC}") = "AnyVoice.Desktop", "src\AnyVoice.Desktop\AnyVoice.Desktop.csproj", "{F12E3F57-0A50-4641-95B9-95E7A58F2FD1}"
EndProject
Project("{2150E333-8FDC-42A3-9474-1A3956D46DE8}") = "tests", "tests", "{F7FDC5D5-6DD4-4B21-B4BF-C533BDC2E635}"
EndProject
Project("{FAE04EC0-301F-11D3-BF4B-00C04F79EFBC}") = "AnyVoice.Tests", "tests\AnyVoice.Tests\AnyVoice.Tests.csproj", "{6FBF89C6-D576-4D20-BC4D-06B08314F38D}"
EndProject
Global
	GlobalSection(SolutionConfigurationPlatforms) = preSolution
		Debug|Any CPU = Debug|Any CPU
		Release|Any CPU = Release|Any CPU
	EndGlobalSection
	GlobalSection(SolutionProperties) = preSolution
		HideSolutionNode = FALSE
	EndGlobalSection
	GlobalSection(ProjectConfigurationPlatforms) = postSolution
		{FA61FC9D-5575-4CE5-92B4-95A40D0409AA}.Debug|Any CPU.ActiveCfg = Debug|Any CPU
		{FA61FC9D-5575-4CE5-92B4-95A40D0409AA}.Debug|Any CPU.Build.0 = Debug|Any CPU
		{FA61FC9D-5575-4CE5-92B4-95A40D0409AA}.Release|Any CPU.ActiveCfg = Release|Any CPU
		{FA61FC9D-5575-4CE5-92B4-95A40D0409AA}.Release|Any CPU.Build.0 = Release|Any CPU
		{756768D1-B1BB-4293-B8AD-97DFBBA46997}.Debug|Any CPU.ActiveCfg = Debug|Any CPU
		{756768D1-B1BB-4293-B8AD-97DFBBA46997}.Debug|Any CPU.Build.0 = Debug|Any CPU
		{756768D1-B1BB-4293-B8AD-97DFBBA46997}.Release|Any CPU.ActiveCfg = Release|Any CPU
		{756768D1-B1BB-4293-B8AD-97DFBBA46997}.Release|Any CPU.Build.0 = Release|Any CPU
		{F12E3F57-0A50-4641-95B9-95E7A58F2FD1}.Debug|Any CPU.ActiveCfg = Debug|Any CPU
		{F12E3F57-0A50-4641-95B9-95E7A58F2FD1}.Debug|Any CPU.Build.0 = Debug|Any CPU
		{F12E3F57-0A50-4641-95B9-95E7A58F2FD1}.Release|Any CPU.ActiveCfg = Release|Any CPU
		{F12E3F57-0A50-4641-95B9-95E7A58F2FD1}.Release|Any CPU.Build.0 = Release|Any CPU
		{6FBF89C6-D576-4D20-BC4D-06B08314F38D}.Debug|Any CPU.ActiveCfg = Debug|Any CPU
		{6FBF89C6-D576-4D20-BC4D-06B08314F38D}.Debug|Any CPU.Build.0 = Debug|Any CPU
		{6FBF89C6-D576-4D20-BC4D-06B08314F38D}.Release|Any CPU.ActiveCfg = Release|Any CPU
		{6FBF89C6-D576-4D20-BC4D-06B08314F38D}.Release|Any CPU.Build.0 = Release|Any CPU
	EndGlobalSection
	GlobalSection(NestedProjects) = preSolution
		{FA61FC9D-5575-4CE5-92B4-95A40D0409AA} = {E6ABBB81-15C0-42E5-AE00-8D1A57C5FA20}
		{756768D1-B1BB-4293-B8AD-97DFBBA46997} = {E6ABBB81-15C0-42E5-AE00-8D1A57C5FA20}
		{F12E3F57-0A50-4641-95B9-95E7A58F2FD1} = {E6ABBB81-15C0-42E5-AE00-8D1A57C5FA20}
		{6FBF89C6-D576-4D20-BC4D-06B08314F38D} = {F7FDC5D5-6DD4-4B21-B4BF-C533BDC2E635}
	EndGlobalSection
EndGlobal
